
Microsoft Visual Studio Solution File, Format Version 12.00
# Visual Studio Version 16
VisualStudioVersion = 16.0.30907.101
MinimumVisualStudioVersion = 10.0.40219.1
Project("{159641D6-6404-4A2A-AE62-294DE0FE8301}") = "LDSBC_IT243_od", "LDSBC_IT243_od.dtproj", "{173C755C-03E2-408B-8A90-495B8A318DD5}"
EndProject
Global
	GlobalSection(SolutionConfigurationPlatforms) = preSolution
		Development|Default = Development|Default
	EndGlobalSection
	GlobalSection(ProjectConfigurationPlatforms) = postSolution
		{173C755C-03E2-408B-8A90-495B8A318DD5}.Development|Default.ActiveCfg = Development
		{173C755C-03E2-408B-8A90-495B8A318DD5}.Development|Default.Build.0 = Development
	EndGlobalSection
	GlobalSection(SolutionProperties) = preSolution
		HideSolutionNode = FALSE
	EndGlobalSection
	GlobalSection(ExtensibilityGlobals) = postSolution
		SolutionGuid = {77C0F886-0E30-443A-BE48-82357F6D0B13}
	EndGlobalSection
EndGlobal
